hash: dcdb75bac42f5ef04d88ae53ced7d62231b8843c2abde2e79aab2bea9c36eca8
updated: 2017-06-20T20:07:07.353586651-07:00
imports:
- name: github.com/agl/ed25519
  version: 278e1ec8e8a6e017cd07577924d6766039146ced
  subpackages:
  - edwards25519
- name: github.com/btcsuite/btclog
  version: 30bef3d5a6b4600e2129de8b6527ffcc1ee397ca
- name: github.com/btcsuite/go-flags
  version: 6c288d648c1cc1befcb90cb5511dcacf64ae8e61
- name: github.com/btcsuite/go-socks
  version: 4720035b7bfd2a9bb130b1c184f8bbe41b6f0d0f
  subpackages:
  - socks
- name: github.com/btcsuite/goleveldb
  version: 7834afc9e8cd15233b6c3d97e12674a31ca24602
  subpackages:
  - leveldb
  - leveldb/cache
  - leveldb/comparer
  - leveldb/errors
  - leveldb/filter
  - leveldb/iterator
  - leveldb/journal
  - leveldb/memdb
  - leveldb/opt
  - leveldb/storage
  - leveldb/table
  - leveldb/util
- name: github.com/btcsuite/snappy-go
  version: 0bdef8d067237991ddaa1bb6072a740bc40601ba
- name: github.com/btcsuite/websocket
  version: 31079b6807923eb23992c421b114992b95131b55
- name: github.com/chappjc/logrus-prefix
  version: 94df605435ff3ac370e1ab342aa9f128d688d769
- name: github.com/decred/blake256
  version: a840e32d7c31fe2e0218607334cb120a683951a4
- name: github.com/decred/dcrd
  version: 0d406ffde87da224466ba5c83548941e15179872
  subpackages:
  - blockchain
  - blockchain/internal/dbnamespace
  - blockchain/internal/progresslog
  - blockchain/stake
  - blockchain/stake/internal/dbnamespace
  - blockchain/stake/internal/ticketdb
  - blockchain/stake/internal/tickettreap
  - chaincfg
  - chaincfg/chainec
  - chaincfg/chainhash
  - database
  - database/ffldb
  - database/internal/treap
  - dcrec/edwards
  - dcrec/secp256k1
  - dcrec/secp256k1/schnorr
  - dcrjson
  - txscript
  - wire
- name: github.com/decred/dcrrpcclient
  version: e7732bfa71b4b098494fa0ce62d42fded970c393
- name: github.com/decred/dcrutil
  version: a5fab53cab39b793142c8453caa4c6f83bc152d4
  subpackages:
  - base58
  - hdkeychain
- name: github.com/decred/dcrwallet
  version: 6a50ff0b9188af4b2dec68e42add0028c97fb11c
  subpackages:
  - apperrors
  - chain
  - internal/zero
  - netparams
  - snacl
  - wallet/txrules
  - wallet/udb
  - walletdb
- name: github.com/jrick/logrotate
  version: 4ed05ed86ef17d10ff99cce77481e0fcf6f2c7b0
  subpackages:
  - rotator
- name: github.com/mattn/go-colorable
  version: 941b50ebc6efddf4c41c8e4537a5f68a4e686b24
- name: github.com/mattn/go-isatty
  version: fc9e8d8ef48496124e79ae0df75490096eccf6fe
- name: github.com/mattn/go-sqlite3
  version: afe454f6220b3972691678af2c5579781563183f
- name: github.com/mgutz/ansi
  version: 9520e82c474b0a04dd04f8a40959027271bab992
- name: github.com/pressly/chi
  version: d96632ea8f31cab87b99211cf6e651ada1420ca8
  subpackages:
  - docgen
  - middleware
- name: github.com/shiena/ansicolor
  version: a422bbe96644373c5753384a59d678f7d261ff10
- name: github.com/Sirupsen/logrus
  version: ba1b36c82c5e05c4f912a88eab0dcd91a171688f
- name: golang.org/x/crypto
  version: adbae1b6b6fb4b02448a0fc0dbbc9ba2b95b294d
  subpackages:
  - nacl/secretbox
  - pbkdf2
  - poly1305
  - ripemd160
  - salsa20/salsa
  - scrypt
- name: golang.org/x/net
  version: fe686d45ea04bc1bd4eff6a52865ce8757320325
  subpackages:
  - context
- name: golang.org/x/sys
  version: fb4cac33e3196ff7f507ab9b2d2a44b0142f5b5a
  subpackages:
  - unix
testImports: []
