# This file is autogenerated, do not edit; changes may be undone by the next 'dep ensure'.


[[projects]]
  name = "github.com/Sirupsen/logrus"
  packages = ["."]
  revision = "ba1b36c82c5e05c4f912a88eab0dcd91a171688f"
  version = "v0.11.5"

[[projects]]
  name = "github.com/agl/ed25519"
  packages = [".","edwards25519"]
  revision = "278e1ec8e8a6e017cd07577924d6766039146ced"

[[projects]]
  branch = "master"
  name = "github.com/btcsuite/btclog"
  packages = ["."]
  revision = "84c8d2346e9fc8c7b947e243b9c24e6df9fd206a"

[[projects]]
  branch = "master"
  name = "github.com/btcsuite/go-flags"
  packages = ["."]
  revision = "6c288d648c1cc1befcb90cb5511dcacf64ae8e61"

[[projects]]
  branch = "master"
  name = "github.com/btcsuite/go-socks"
  packages = ["socks"]
  revision = "4720035b7bfd2a9bb130b1c184f8bbe41b6f0d0f"

[[projects]]
  branch = "master"
  name = "github.com/btcsuite/goleveldb"
  packages = ["leveldb","leveldb/cache","leveldb/comparer","leveldb/errors","leveldb/filter","leveldb/iterator","leveldb/journal","leveldb/memdb","leveldb/opt","leveldb/storage","leveldb/table","leveldb/util"]
  revision = "7834afc9e8cd15233b6c3d97e12674a31ca24602"

[[projects]]
  branch = "master"
  name = "github.com/btcsuite/snappy-go"
  packages = ["."]
  revision = "0bdef8d067237991ddaa1bb6072a740bc40601ba"

[[projects]]
  branch = "master"
  name = "github.com/btcsuite/websocket"
  packages = ["."]
  revision = "31079b6807923eb23992c421b114992b95131b55"

[[projects]]
  branch = "master"
  name = "github.com/chappjc/logrus-prefix"
  packages = ["."]
  revision = "94df605435ff3ac370e1ab342aa9f128d688d769"

[[projects]]
  branch = "master"
  name = "github.com/decred/blake256"
  packages = ["."]
  revision = "a840e32d7c31fe2e0218607334cb120a683951a4"

[[projects]]
  branch = "master"
  name = "github.com/decred/dcrd"
  packages = ["blockchain","blockchain/internal/dbnamespace","blockchain/internal/progresslog","blockchain/stake","blockchain/stake/internal/dbnamespace","blockchain/stake/internal/ticketdb","blockchain/stake/internal/tickettreap","chaincfg","chaincfg/chainec","chaincfg/chainhash","database","database/ffldb","database/internal/treap","dcrec/edwards","dcrec/secp256k1","dcrec/secp256k1/schnorr","dcrjson","txscript","wire"]
  revision = "3384dd195b9a8ac49885bfb2c5040150bf7acc38"

[[projects]]
  branch = "master"
  name = "github.com/decred/dcrrpcclient"
  packages = ["."]
  revision = "abc326aeb97b299c7eb6b13b81353fc375e9b95d"

[[projects]]
  branch = "master"
  name = "github.com/decred/dcrutil"
  packages = [".","base58","hdkeychain"]
  revision = "166211f0196be1d3be344ae64149e7c4f5ca36b0"

[[projects]]
  name = "github.com/decred/dcrwallet"
  packages = ["apperrors","chain","internal/zero","netparams","snacl","wallet/udb","walletdb"]
  revision = "a2599956184c6cecce9e8c20a7d6c37e03ae84c5"
  version = "v1.0.7"

[[projects]]
  name = "github.com/go-chi/chi"
  packages = [".","docgen","middleware"]
  revision = "967844826e58cf31213a7dfb82455d242ad85101"
  version = "v3.0.0"

[[projects]]
  branch = "master"
  name = "github.com/jrick/logrotate"
  packages = ["rotator"]
  revision = "a93b200c26cbae3bb09dd0dc2c7c7fe1468a034a"

[[projects]]
  branch = "master"
  name = "github.com/mattn/go-colorable"
  packages = ["."]
  revision = "ad5389df28cdac544c99bd7b9161a0b5b6ca9d1b"

[[projects]]
  name = "github.com/mattn/go-isatty"
  packages = ["."]
  revision = "fc9e8d8ef48496124e79ae0df75490096eccf6fe"
  version = "v0.0.2"

[[projects]]
  branch = "master"
  name = "github.com/mattn/go-sqlite3"
  packages = ["."]
  revision = "6654e412c3c7eabb310d920cf73a2102dbf8c632"

[[projects]]
  branch = "master"
  name = "github.com/mgutz/ansi"
  packages = ["."]
  revision = "9520e82c474b0a04dd04f8a40959027271bab992"

[[projects]]
  name = "github.com/rs/cors"
  packages = ["."]
  revision = "8dd4211afb5d08dbb39a533b9bb9e4b486351df6"
  version = "v1.1"

[[projects]]
  branch = "master"
  name = "github.com/shiena/ansicolor"
  packages = ["."]
  revision = "a422bbe96644373c5753384a59d678f7d261ff10"

[[projects]]
  name = "golang.org/x/crypto"
  packages = ["nacl/secretbox","pbkdf2","poly1305","ripemd160","salsa20/salsa","scrypt"]
  revision = "b176d7def5d71bdd214203491f89843ed217f420"

[[projects]]
  branch = "master"
  name = "golang.org/x/net"
  packages = ["context","websocket"]
  revision = "1c05540f6879653db88113bc4a2b70aec4bd491f"

[[projects]]
  name = "golang.org/x/sys"
  packages = ["unix"]
  revision = "9f7170bcd8e9f4d3691c06401119c46a769a1e03"

[solve-meta]
  analyzer-name = "dep"
  analyzer-version = 1
  inputs-digest = "a40ae86aaa66a70c9937829b7e44f6a3558c7abc024ce2f37194be573176e5d6"
  solver-name = "gps-cdcl"
  solver-version = 1
