# This file is autogenerated, do not edit; changes may be undone by the next 'dep ensure'.


[[projects]]
  name = "github.com/Sirupsen/logrus"
  packages = ["."]
  revision = "ba1b36c82c5e05c4f912a88eab0dcd91a171688f"
  version = "v0.11.5"

[[projects]]
  branch = "master"
  name = "github.com/agl/ed25519"
  packages = [".","edwards25519"]
  revision = "5312a61534124124185d41f09206b9fef1d88403"

[[projects]]
  branch = "master"
  name = "github.com/btcsuite/btclog"
  packages = ["."]
  revision = "84c8d2346e9fc8c7b947e243b9c24e6df9fd206a"

[[projects]]
  branch = "master"
  name = "github.com/btcsuite/go-flags"
  packages = ["."]
  revision = "6c288d648c1cc1befcb90cb5511dcacf64ae8e61"

[[projects]]
  branch = "master"
  name = "github.com/btcsuite/go-socks"
  packages = ["socks"]
  revision = "4720035b7bfd2a9bb130b1c184f8bbe41b6f0d0f"

[[projects]]
  branch = "master"
  name = "github.com/btcsuite/goleveldb"
  packages = ["leveldb","leveldb/cache","leveldb/comparer","leveldb/errors","leveldb/filter","leveldb/iterator","leveldb/journal","leveldb/memdb","leveldb/opt","leveldb/storage","leveldb/table","leveldb/util"]
  revision = "7834afc9e8cd15233b6c3d97e12674a31ca24602"

[[projects]]
  branch = "master"
  name = "github.com/btcsuite/snappy-go"
  packages = ["."]
  revision = "0bdef8d067237991ddaa1bb6072a740bc40601ba"

[[projects]]
  branch = "master"
  name = "github.com/btcsuite/websocket"
  packages = ["."]
  revision = "31079b6807923eb23992c421b114992b95131b55"

[[projects]]
  branch = "master"
  name = "github.com/chappjc/logrus-prefix"
  packages = ["."]
  revision = "94df605435ff3ac370e1ab342aa9f128d688d769"

[[projects]]
  branch = "master"
  name = "github.com/dchest/blake256"
  packages = ["."]
  revision = "dee3fe6eb0e98dc774a94fc231f85baf7c29d360"

[[projects]]
  branch = "master"
  name = "github.com/decred/dcrd"
  packages = ["blockchain","blockchain/internal/dbnamespace","blockchain/internal/progresslog","blockchain/stake","blockchain/stake/internal/dbnamespace","blockchain/stake/internal/ticketdb","blockchain/stake/internal/tickettreap","chaincfg","chaincfg/chainec","chaincfg/chainhash","database","database/ffldb","database/internal/treap","dcrec/edwards","dcrec/secp256k1","dcrec/secp256k1/schnorr","dcrjson","txscript","wire"]
  revision = "bd78208c3727edae8ca8c37f7ab9b3e840670745"

[[projects]]
  branch = "master"
  name = "github.com/decred/dcrrpcclient"
  packages = ["."]
  revision = "bd992834efae9f8a81842221a634f4af22b77a0f"

[[projects]]
  branch = "master"
  name = "github.com/decred/dcrutil"
  packages = [".","base58","hdkeychain"]
  revision = "ddbde93f65ab0692e54ed8a5ad325fa2e8af4daa"

[[projects]]
  branch = "master"
  name = "github.com/decred/dcrwallet"
  packages = ["apperrors","chain","internal/zero","netparams","snacl","wallet/udb","walletdb"]
  revision = "b4f040d49da115efbdab10b7dbae6ce8c7896f1e"

[[projects]]
  branch = "master"
  name = "github.com/dustin/go-humanize"
  packages = ["."]
  revision = "79e699ccd02f240a1f1fbbdcee7e64c1c12e41aa"

[[projects]]
  name = "github.com/go-chi/chi"
  packages = [".","middleware"]
  revision = "04ec7fc4179604b2390947258f9143eaae23b596"
  version = "v3.2.1"

[[projects]]
  name = "github.com/go-chi/docgen"
  packages = ["."]
  revision = "ac43d9a63f3b58b1e82922411d2de365d896ee72"
  version = "v1.0.2"

[[projects]]
  branch = "master"
  name = "github.com/jrick/logrotate"
  packages = ["rotator"]
  revision = "a93b200c26cbae3bb09dd0dc2c7c7fe1468a034a"

[[projects]]
  name = "github.com/mattn/go-colorable"
  packages = ["."]
  revision = "167de6bfdfba052fa6b2d3664c8f5272e23c9072"
  version = "v0.0.9"

[[projects]]
  name = "github.com/mattn/go-isatty"
  packages = ["."]
  revision = "fc9e8d8ef48496124e79ae0df75490096eccf6fe"
  version = "v0.0.2"

[[projects]]
  name = "github.com/mattn/go-sqlite3"
  packages = ["."]
  revision = "d40d4905434d5abfab8d29584adc850797897769"

[[projects]]
  branch = "master"
  name = "github.com/mgutz/ansi"
  packages = ["."]
  revision = "9520e82c474b0a04dd04f8a40959027271bab992"

[[projects]]
  name = "github.com/rs/cors"
  packages = ["."]
  revision = "eabcc6af4bbe5ad3a949d36450326a2b0b9894b8"

[[projects]]
  branch = "master"
  name = "github.com/shiena/ansicolor"
  packages = ["."]
  revision = "a422bbe96644373c5753384a59d678f7d261ff10"

[[projects]]
  branch = "master"
  name = "golang.org/x/crypto"
  packages = ["nacl/secretbox","pbkdf2","poly1305","ripemd160","salsa20/salsa","scrypt"]
  revision = "7d9177d70076375b9a59c8fde23d52d9c4a7ecd5"

[[projects]]
  branch = "master"
  name = "golang.org/x/net"
  packages = ["context","websocket"]
  revision = "b60f3a92103dfd93dfcb900ec77c6d0643510868"

[[projects]]
  branch = "master"
  name = "golang.org/x/sys"
  packages = ["unix"]
  revision = "2320a9c15898af1b1b24f99700d5c1e957f9d8cf"

[solve-meta]
  analyzer-name = "dep"
  analyzer-version = 1
  inputs-digest = "c260f40991b35af1ebae743bdce0241a4ddc8a4ac0eda750de9ec96db56c9ce4"
  solver-name = "gps-cdcl"
  solver-version = 1
